
Microsoft Visual Studio Solution File, Format Version 12.00
# Visual Studio Version 17
VisualStudioVersion = 17.9.34607.119
MinimumVisualStudioVersion = 10.0.40219.1
Project("{888888A0-9F3D-457C-B088-3A5042F75D52}") = "Lab4_5", "Lab4_5\Lab4_5.pyproj", "{0B7A09BA-8F6C-4342-BCCD-87B91C4DBF92}"
EndProject
Global
	GlobalSection(SolutionConfigurationPlatforms) = preSolution
		Debug|Any CPU = Debug|Any CPU
		Release|Any CPU = Release|Any CPU
	EndGlobalSection
	GlobalSection(ProjectConfigurationPlatforms) = postSolution
		{0B7A09BA-8F6C-4342-BCCD-87B91C4DBF92}.Debug|Any CPU.ActiveCfg = Debug|Any CPU
		{0B7A09BA-8F6C-4342-BCCD-87B91C4DBF92}.Release|Any CPU.ActiveCfg = Release|Any CPU
	EndGlobalSection
	GlobalSection(SolutionProperties) = preSolution
		HideSolutionNode = FALSE
	EndGlobalSection
	GlobalSection(ExtensibilityGlobals) = postSolution
		SolutionGuid = {2BA5C43C-990E-4729-AD9C-C65CB5E07CED}
	EndGlobalSection
EndGlobal
